
Microsoft Visual Studio Solution File, Format Version 12.00
# Visual Studio Version 17
VisualStudioVersion = 17.6.33829.357
MinimumVisualStudioVersion = 10.0.40219.1
Project("{9A19103F-16F7-4668-BE54-9A1E7A4F7556}") = "EntityFrameworkEducation", "EntityFrameworkEducation\EntityFrameworkEducation.csproj", "{0E4475D3-A0B2-4106-8577-3C0B7491C99F}"
EndProject
Project("{FAE04EC0-301F-11D3-BF4B-00C04F79EFBC}") = "EFCodeFirstEducation", "EFCodeFirstEducation\EFCodeFirstEducation.csproj", "{D6FEA838-1D31-47D9-8B43-2DDE3A344EB1}"
EndProject
Global
	GlobalSection(SolutionConfigurationPlatforms) = preSolution
		Debug|Any CPU = Debug|Any CPU
		Release|Any CPU = Release|Any CPU
	EndGlobalSection
	GlobalSection(ProjectConfigurationPlatforms) = postSolution
		{0E4475D3-A0B2-4106-8577-3C0B7491C99F}.Debug|Any CPU.ActiveCfg = Debug|Any CPU
		{0E4475D3-A0B2-4106-8577-3C0B7491C99F}.Debug|Any CPU.Build.0 = Debug|Any CPU
		{0E4475D3-A0B2-4106-8577-3C0B7491C99F}.Release|Any CPU.ActiveCfg = Release|Any CPU
		{0E4475D3-A0B2-4106-8577-3C0B7491C99F}.Release|Any CPU.Build.0 = Release|Any CPU
		{D6FEA838-1D31-47D9-8B43-2DDE3A344EB1}.Debug|Any CPU.ActiveCfg = Debug|Any CPU
		{D6FEA838-1D31-47D9-8B43-2DDE3A344EB1}.Debug|Any CPU.Build.0 = Debug|Any CPU
		{D6FEA838-1D31-47D9-8B43-2DDE3A344EB1}.Release|Any CPU.ActiveCfg = Release|Any CPU
		{D6FEA838-1D31-47D9-8B43-2DDE3A344EB1}.Release|Any CPU.Build.0 = Release|Any CPU
	EndGlobalSection
	GlobalSection(SolutionProperties) = preSolution
		HideSolutionNode = FALSE
	EndGlobalSection
	GlobalSection(ExtensibilityGlobals) = postSolution
		SolutionGuid = {2E46F345-3E94-4DB7-ACBF-9A1051E10E24}
	EndGlobalSection
EndGlobal
